# generated by rye
# use `rye lock` or `rye sync` to update this lockfile
#
# last locked with the following flags:
#   pre: false
#   features: []
#   all-features: false
#   with-sources: false

-e file:.
annotated-types==0.6.0
    # via pydantic
anyio==4.3.0
    # via starlette
click==8.1.7
    # via uvicorn
fastapi==0.110.0
    # via rss-manager
feedparser==6.0.11
    # via rss-manager
h11==0.14.0
    # via uvicorn
idna==3.6
    # via anyio
jinja2==3.1.3
    # via rss-manager
markupsafe==2.1.5
    # via jinja2
pydantic==2.6.3
    # via fastapi
pydantic-core==2.16.3
    # via pydantic
python-multipart==0.0.9
    # via rss-manager
sgmllib3k==1.0.0
    # via feedparser
sniffio==1.3.1
    # via anyio
sqlalchemy==2.0.28
    # via rss-manager
starlette==0.36.3
    # via fastapi
typing-extensions==4.10.0
    # via fastapi
    # via pydantic
    # via pydantic-core
    # via sqlalchemy
uvicorn==0.27.1
    # via rss-manager
zhdate==0.1
    # via rss-manager
